// !$*UTF8*$!
{
	archiveVersion = 1;
	classes = {
	};
	objectVersion = 56;
	objects = {

/* Begin PBXBuildFile section */
		04A011E72D10ACA900EC64BE /* ChatAppApp.swift in Sources */ = {isa = PBXBuildFile; fileRef = 04A011E62D10ACA900EC64BE /* ChatAppApp.swift */; };
		04A011EB2D10ACAB00EC64BE /* Assets.xcassets in Resources */ = {isa = PBXBuildFile; fileRef = 04A011EA2D10ACAB00EC64BE /* Assets.xcassets */; };
		04A011EE2D10ACAB00EC64BE /* Preview Assets.xcassets in Resources */ = {isa = PBXBuildFile; fileRef = 04A011ED2D10ACAB00EC64BE /* Preview Assets.xcassets */; };
		04A011F52D10AE0A00EC64BE /* LoginView.swift in Sources */ = {isa = PBXBuildFile; fileRef = 04A011F42D10AE0A00EC64BE /* LoginView.swift */; };
		04A011FD2D11BA9600EC64BE /* MainTabbarView.swift in Sources */ = {isa = PBXBuildFile; fileRef = 04A011FC2D11BA9600EC64BE /* MainTabbarView.swift */; };
		04A012002D11C0AA00EC64BE /* InboxView.swift in Sources */ = {isa = PBXBuildFile; fileRef = 04A011FF2D11C0AA00EC64BE /* InboxView.swift */; };
		04A012032D11C1F700EC64BE /* UpdatesView.swift in Sources */ = {isa = PBXBuildFile; fileRef = 04A012022D11C1F700EC64BE /* UpdatesView.swift */; };
		04A012062D11C21700EC64BE /* CommunityView.swift in Sources */ = {isa = PBXBuildFile; fileRef = 04A012052D11C21700EC64BE /* CommunityView.swift */; };
		04A012092D11C23600EC64BE /* CallView.swift in Sources */ = {isa = PBXBuildFile; fileRef = 04A012082D11C23600EC64BE /* CallView.swift */; };
		04A0120B2D11C64400EC64BE /* ToolbarItemComponets.swift in Sources */ = {isa = PBXBuildFile; fileRef = 04A0120A2D11C64400EC64BE /* ToolbarItemComponets.swift */; };
		04A0120D2D11C70600EC64BE /* ButtonItemsTralling.swift in Sources */ = {isa = PBXBuildFile; fileRef = 04A0120C2D11C70600EC64BE /* ButtonItemsTralling.swift */; };
		04A0120F2D11CB1300EC64BE /* NavigationBarComponents.swift in Sources */ = {isa = PBXBuildFile; fileRef = 04A0120E2D11CB1300EC64BE /* NavigationBarComponents.swift */; };
		522BF5EC2D4783EE00C6F068 /* SDWebImageSwiftUI in Frameworks */ = {isa = PBXBuildFile; productRef = 522BF5EB2D4783EE00C6F068 /* SDWebImageSwiftUI */; };
		522BF5F02D47A5BF00C6F068 /* GoogleService-Info.plist in Resources */ = {isa = PBXBuildFile; fileRef = 522BF5EF2D47A5BE00C6F068 /* GoogleService-Info.plist */; };
		522BF5F22D47AD2100C6F068 /* ImageUploader.swift in Sources */ = {isa = PBXBuildFile; fileRef = 522BF5F12D47AD2100C6F068 /* ImageUploader.swift */; };
		522BF5FC2D4960AA00C6F068 /* SettingOptionsModel.swift in Sources */ = {isa = PBXBuildFile; fileRef = 522BF5FB2D4960AA00C6F068 /* SettingOptionsModel.swift */; };
		522E33E92D393ABC000F4903 /* FormatDate.swift in Sources */ = {isa = PBXBuildFile; fileRef = 522E33E82D393ABC000F4903 /* FormatDate.swift */; };
		522E33EB2D3943BE000F4903 /* MessageModel.swift in Sources */ = {isa = PBXBuildFile; fileRef = 522E33EA2D3943BE000F4903 /* MessageModel.swift */; };
		522E33EE2D396B48000F4903 /* ProfileView.swift in Sources */ = {isa = PBXBuildFile; fileRef = 522E33ED2D396B48000F4903 /* ProfileView.swift */; };
		522E33F12D396F70000F4903 /* ProfileViewModel.swift in Sources */ = {isa = PBXBuildFile; fileRef = 522E33F02D396F70000F4903 /* ProfileViewModel.swift */; };
		522E33F42D397CD1000F4903 /* OptionDetailsComp.swift in Sources */ = {isa = PBXBuildFile; fileRef = 522E33F32D397CD1000F4903 /* OptionDetailsComp.swift */; };
		522E33F72D3982F0000F4903 /* SettingView.swift in Sources */ = {isa = PBXBuildFile; fileRef = 522E33F62D3982F0000F4903 /* SettingView.swift */; };
		52418C0C2D3FDF7B0018D46F /* WelcomeView.swift in Sources */ = {isa = PBXBuildFile; fileRef = 52418C0B2D3FDF7B0018D46F /* WelcomeView.swift */; };
		52418C0E2D4000840018D46F /* AgreeButton.swift in Sources */ = {isa = PBXBuildFile; fileRef = 52418C0D2D4000840018D46F /* AgreeButton.swift */; };
		52418C102D4000DA0018D46F /* TitleWelcomeView.swift in Sources */ = {isa = PBXBuildFile; fileRef = 52418C0F2D4000DA0018D46F /* TitleWelcomeView.swift */; };
		52418C132D4002E00018D46F /* LoginViewModel.swift in Sources */ = {isa = PBXBuildFile; fileRef = 52418C122D4002E00018D46F /* LoginViewModel.swift */; };
		52418C152D4007FC0018D46F /* FloatingField.swift in Sources */ = {isa = PBXBuildFile; fileRef = 52418C142D4007FC0018D46F /* FloatingField.swift */; };
		52418C172D400E200018D46F /* RegisterView.swift in Sources */ = {isa = PBXBuildFile; fileRef = 52418C162D400E200018D46F /* RegisterView.swift */; };
		52418C1A2D4014CB0018D46F /* RegisterViewModel.swift in Sources */ = {isa = PBXBuildFile; fileRef = 52418C192D4014CB0018D46F /* RegisterViewModel.swift */; };
		52418C1C2D4018AC0018D46F /* ButtonAuthModifires.swift in Sources */ = {isa = PBXBuildFile; fileRef = 52418C1B2D4018AC0018D46F /* ButtonAuthModifires.swift */; };
		5267C5E02D2AC43A00890A39 /* CirculeProfileImage.swift in Sources */ = {isa = PBXBuildFile; fileRef = 5267C5DF2D2AC43A00890A39 /* CirculeProfileImage.swift */; };
		5267C5E22D2AC59400890A39 /* UserModel.swift in Sources */ = {isa = PBXBuildFile; fileRef = 5267C5E12D2AC59400890A39 /* UserModel.swift */; };
		5267C5E52D2AC87300890A39 /* NewMessageView.swift in Sources */ = {isa = PBXBuildFile; fileRef = 5267C5E42D2AC87300890A39 /* NewMessageView.swift */; };
		5267C5E92D2ACCAC00890A39 /* NewMessageViewModel.swift in Sources */ = {isa = PBXBuildFile; fileRef = 5267C5E82D2ACCAC00890A39 /* NewMessageViewModel.swift */; };
		5267C5EB2D2AD04D00890A39 /* CircleImageForNewMessageView.swift in Sources */ = {isa = PBXBuildFile; fileRef = 5267C5EA2D2AD04D00890A39 /* CircleImageForNewMessageView.swift */; };
		5267C5EE2D2AE49200890A39 /* ChatView.swift in Sources */ = {isa = PBXBuildFile; fileRef = 5267C5ED2D2AE49200890A39 /* ChatView.swift */; };
		5267C5F12D2AE74200890A39 /* ChatViewModel.swift in Sources */ = {isa = PBXBuildFile; fileRef = 5267C5F02D2AE74200890A39 /* ChatViewModel.swift */; };
		5267C5F42D2BE28400890A39 /* MessageSendStyle.swift in Sources */ = {isa = PBXBuildFile; fileRef = 5267C5F32D2BE28400890A39 /* MessageSendStyle.swift */; };
		5267C5F62D2BE3ED00890A39 /* ChatBubble.swift in Sources */ = {isa = PBXBuildFile; fileRef = 5267C5F52D2BE3ED00890A39 /* ChatBubble.swift */; };
		52FBD5612D45A6020013BD2A /* FirebaseAuth in Frameworks */ = {isa = PBXBuildFile; productRef = 52FBD5602D45A6020013BD2A /* FirebaseAuth */; };
		52FBD5632D45A6020013BD2A /* FirebaseFirestore in Frameworks */ = {isa = PBXBuildFile; productRef = 52FBD5622D45A6020013BD2A /* FirebaseFirestore */; };
		52FBD5652D45A6020013BD2A /* FirebaseFirestoreSwift in Frameworks */ = {isa = PBXBuildFile; productRef = 52FBD5642D45A6020013BD2A /* FirebaseFirestoreSwift */; };
		52FBD5672D45A6020013BD2A /* FirebaseStorage in Frameworks */ = {isa = PBXBuildFile; productRef = 52FBD5662D45A6020013BD2A /* FirebaseStorage */; };
		52FBD5712D45A9070013BD2A /* AuthService.swift in Sources */ = {isa = PBXBuildFile; fileRef = 52FBD5702D45A9070013BD2A /* AuthService.swift */; };
		52FBD5782D45B1F10013BD2A /* WelcomeViewModel.swift in Sources */ = {isa = PBXBuildFile; fileRef = 52FBD5772D45B1F10013BD2A /* WelcomeViewModel.swift */; };
		52FBD57E2D45B7A90013BD2A /* RootView.swift in Sources */ = {isa = PBXBuildFile; fileRef = 52FBD57D2D45B7A90013BD2A /* RootView.swift */; };
		52FBD5802D45B7BD0013BD2A /* RootViewModel.swift in Sources */ = {isa = PBXBuildFile; fileRef = 52FBD57F2D45B7BD0013BD2A /* RootViewModel.swift */; };
		52FBD5822D45BAE80013BD2A /* UserServices.swift in Sources */ = {isa = PBXBuildFile; fileRef = 52FBD5812D45BAE80013BD2A /* UserServices.swift */; };
		52FBD5852D45BDD20013BD2A /* SettingViewModel.swift in Sources */ = {isa = PBXBuildFile; fileRef = 52FBD5842D45BDD20013BD2A /* SettingViewModel.swift */; };
/* End PBXBuildFile section */

/* Begin PBXFileReference section */
		04A011E32D10ACA900EC64BE /* ChatApp.app */ = {isa = PBXFileReference; explicitFileType = wrapper.application; includeInIndex = 0; path = ChatApp.app; sourceTree = BUILT_PRODUCTS_DIR; };
		04A011E62D10ACA900EC64BE /* ChatAppApp.swift */ = {isa = PBXFileReference; lastKnownFileType = sourcecode.swift; path = ChatAppApp.swift; sourceTree = "<group>"; };
		04A011EA2D10ACAB00EC64BE /* Assets.xcassets */ = {isa = PBXFileReference; lastKnownFileType = folder.assetcatalog; path = Assets.xcassets; sourceTree = "<group>"; };
		04A011ED2D10ACAB00EC64BE /* Preview Assets.xcassets */ = {isa = PBXFileReference; lastKnownFileType = folder.assetcatalog; path = "Preview Assets.xcassets"; sourceTree = "<group>"; };
		04A011F42D10AE0A00EC64BE /* LoginView.swift */ = {isa = PBXFileReference; lastKnownFileType = sourcecode.swift; path = LoginView.swift; sourceTree = "<group>"; };
		04A011FC2D11BA9600EC64BE /* MainTabbarView.swift */ = {isa = PBXFileReference; lastKnownFileType = sourcecode.swift; path = MainTabbarView.swift; sourceTree = "<group>"; };
		04A011FF2D11C0AA00EC64BE /* InboxView.swift */ = {isa = PBXFileReference; lastKnownFileType = sourcecode.swift; path = InboxView.swift; sourceTree = "<group>"; };
		04A012022D11C1F700EC64BE /* UpdatesView.swift */ = {isa = PBXFileReference; lastKnownFileType = sourcecode.swift; path = UpdatesView.swift; sourceTree = "<group>"; };
		04A012052D11C21700EC64BE /* CommunityView.swift */ = {isa = PBXFileReference; lastKnownFileType = sourcecode.swift; path = CommunityView.swift; sourceTree = "<group>"; };
		04A012082D11C23600EC64BE /* CallView.swift */ = {isa = PBXFileReference; lastKnownFileType = sourcecode.swift; path = CallView.swift; sourceTree = "<group>"; };
		04A0120A2D11C64400EC64BE /* ToolbarItemComponets.swift */ = {isa = PBXFileReference; lastKnownFileType = sourcecode.swift; path = ToolbarItemComponets.swift; sourceTree = "<group>"; };
		04A0120C2D11C70600EC64BE /* ButtonItemsTralling.swift */ = {isa = PBXFileReference; lastKnownFileType = sourcecode.swift; path = ButtonItemsTralling.swift; sourceTree = "<group>"; };
		04A0120E2D11CB1300EC64BE /* NavigationBarComponents.swift */ = {isa = PBXFileReference; lastKnownFileType = sourcecode.swift; path = NavigationBarComponents.swift; sourceTree = "<group>"; };
		522BF5EF2D47A5BE00C6F068 /* GoogleService-Info.plist */ = {isa = PBXFileReference; fileEncoding = 4; lastKnownFileType = text.plist.xml; name = "GoogleService-Info.plist"; path = "../../../../../Downloads/GoogleService-Info.plist"; sourceTree = "<group>"; };
		522BF5F12D47AD2100C6F068 /* ImageUploader.swift */ = {isa = PBXFileReference; lastKnownFileType = sourcecode.swift; path = ImageUploader.swift; sourceTree = "<group>"; };
		522BF5FB2D4960AA00C6F068 /* SettingOptionsModel.swift */ = {isa = PBXFileReference; lastKnownFileType = sourcecode.swift; name = SettingOptionsModel.swift; path = ChatApp/Model/SettingOptionsModel.swift; sourceTree = SOURCE_ROOT; };
		522E33E82D393ABC000F4903 /* FormatDate.swift */ = {isa = PBXFileReference; lastKnownFileType = sourcecode.swift; path = FormatDate.swift; sourceTree = "<group>"; };
		522E33EA2D3943BE000F4903 /* MessageModel.swift */ = {isa = PBXFileReference; lastKnownFileType = sourcecode.swift; name = MessageModel.swift; path = ChatApp/Model/MessageModel.swift; sourceTree = SOURCE_ROOT; };
		522E33ED2D396B48000F4903 /* ProfileView.swift */ = {isa = PBXFileReference; lastKnownFileType = sourcecode.swift; path = ProfileView.swift; sourceTree = "<group>"; };
		522E33F02D396F70000F4903 /* ProfileViewModel.swift */ = {isa = PBXFileReference; lastKnownFileType = sourcecode.swift; path = ProfileViewModel.swift; sourceTree = "<group>"; };
		522E33F32D397CD1000F4903 /* OptionDetailsComp.swift */ = {isa = PBXFileReference; lastKnownFileType = sourcecode.swift; path = OptionDetailsComp.swift; sourceTree = "<group>"; };
		522E33F62D3982F0000F4903 /* SettingView.swift */ = {isa = PBXFileReference; lastKnownFileType = sourcecode.swift; path = SettingView.swift; sourceTree = "<group>"; };
		52418C0B2D3FDF7B0018D46F /* WelcomeView.swift */ = {isa = PBXFileReference; lastKnownFileType = sourcecode.swift; path = WelcomeView.swift; sourceTree = "<group>"; };
		52418C0D2D4000840018D46F /* AgreeButton.swift */ = {isa = PBXFileReference; lastKnownFileType = sourcecode.swift; path = AgreeButton.swift; sourceTree = "<group>"; };
		52418C0F2D4000DA0018D46F /* TitleWelcomeView.swift */ = {isa = PBXFileReference; lastKnownFileType = sourcecode.swift; path = TitleWelcomeView.swift; sourceTree = "<group>"; };
		52418C122D4002E00018D46F /* LoginViewModel.swift */ = {isa = PBXFileReference; lastKnownFileType = sourcecode.swift; path = LoginViewModel.swift; sourceTree = "<group>"; };
		52418C142D4007FC0018D46F /* FloatingField.swift */ = {isa = PBXFileReference; lastKnownFileType = sourcecode.swift; path = FloatingField.swift; sourceTree = "<group>"; };
		52418C162D400E200018D46F /* RegisterView.swift */ = {isa = PBXFileReference; lastKnownFileType = sourcecode.swift; path = RegisterView.swift; sourceTree = "<group>"; };
		52418C192D4014CB0018D46F /* RegisterViewModel.swift */ = {isa = PBXFileReference; lastKnownFileType = sourcecode.swift; path = RegisterViewModel.swift; sourceTree = "<group>"; };
		52418C1B2D4018AC0018D46F /* ButtonAuthModifires.swift */ = {isa = PBXFileReference; lastKnownFileType = sourcecode.swift; path = ButtonAuthModifires.swift; sourceTree = "<group>"; };
		5267C5DF2D2AC43A00890A39 /* CirculeProfileImage.swift */ = {isa = PBXFileReference; lastKnownFileType = sourcecode.swift; path = CirculeProfileImage.swift; sourceTree = "<group>"; };
		5267C5E12D2AC59400890A39 /* UserModel.swift */ = {isa = PBXFileReference; lastKnownFileType = sourcecode.swift; name = UserModel.swift; path = ChatApp/Model/UserModel.swift; sourceTree = SOURCE_ROOT; };
		5267C5E42D2AC87300890A39 /* NewMessageView.swift */ = {isa = PBXFileReference; lastKnownFileType = sourcecode.swift; path = NewMessageView.swift; sourceTree = "<group>"; };
		5267C5E82D2ACCAC00890A39 /* NewMessageViewModel.swift */ = {isa = PBXFileReference; lastKnownFileType = sourcecode.swift; path = NewMessageViewModel.swift; sourceTree = "<group>"; };
		5267C5EA2D2AD04D00890A39 /* CircleImageForNewMessageView.swift */ = {isa = PBXFileReference; lastKnownFileType = sourcecode.swift; path = CircleImageForNewMessageView.swift; sourceTree = "<group>"; };
		5267C5ED2D2AE49200890A39 /* ChatView.swift */ = {isa = PBXFileReference; lastKnownFileType = sourcecode.swift; path = ChatView.swift; sourceTree = "<group>"; };
		5267C5F02D2AE74200890A39 /* ChatViewModel.swift */ = {isa = PBXFileReference; lastKnownFileType = sourcecode.swift; path = ChatViewModel.swift; sourceTree = "<group>"; };
		5267C5F32D2BE28400890A39 /* MessageSendStyle.swift */ = {isa = PBXFileReference; lastKnownFileType = sourcecode.swift; path = MessageSendStyle.swift; sourceTree = "<group>"; };
		5267C5F52D2BE3ED00890A39 /* ChatBubble.swift */ = {isa = PBXFileReference; lastKnownFileType = sourcecode.swift; path = ChatBubble.swift; sourceTree = "<group>"; };
		52FBD5702D45A9070013BD2A /* AuthService.swift */ = {isa = PBXFileReference; lastKnownFileType = sourcecode.swift; path = AuthService.swift; sourceTree = "<group>"; };
		52FBD5772D45B1F10013BD2A /* WelcomeViewModel.swift */ = {isa = PBXFileReference; lastKnownFileType = sourcecode.swift; path = WelcomeViewModel.swift; sourceTree = "<group>"; };
		52FBD57D2D45B7A90013BD2A /* RootView.swift */ = {isa = PBXFileReference; lastKnownFileType = sourcecode.swift; path = RootView.swift; sourceTree = "<group>"; };
		52FBD57F2D45B7BD0013BD2A /* RootViewModel.swift */ = {isa = PBXFileReference; lastKnownFileType = sourcecode.swift; path = RootViewModel.swift; sourceTree = "<group>"; };
		52FBD5812D45BAE80013BD2A /* UserServices.swift */ = {isa = PBXFileReference; lastKnownFileType = sourcecode.swift; path = UserServices.swift; sourceTree = "<group>"; };
		52FBD5842D45BDD20013BD2A /* SettingViewModel.swift */ = {isa = PBXFileReference; lastKnownFileType = sourcecode.swift; path = SettingViewModel.swift; sourceTree = "<group>"; };
/* End PBXFileReference section */

/* Begin PBXFrameworksBuildPhase section */
		04A011E02D10ACA900EC64BE /* Frameworks */ = {
			isa = PBXFrameworksBuildPhase;
			buildActionMask = 2147483647;
			files = (
				522BF5EC2D4783EE00C6F068 /* SDWebImageSwiftUI in Frameworks */,
				52FBD5612D45A6020013BD2A /* FirebaseAuth in Frameworks */,
				52FBD5672D45A6020013BD2A /* FirebaseStorage in Frameworks */,
				52FBD5632D45A6020013BD2A /* FirebaseFirestore in Frameworks */,
				52FBD5652D45A6020013BD2A /* FirebaseFirestoreSwift in Frameworks */,
			);
			runOnlyForDeploymentPostprocessing = 0;
		};
/* End PBXFrameworksBuildPhase section */

/* Begin PBXGroup section */
		04A011DA2D10ACA900EC64BE = {
			isa = PBXGroup;
			children = (
				04A011E52D10ACA900EC64BE /* ChatApp */,
				04A011E42D10ACA900EC64BE /* Products */,
			);
			sourceTree = "<group>";
		};
		04A011E42D10ACA900EC64BE /* Products */ = {
			isa = PBXGroup;
			children = (
				04A011E32D10ACA900EC64BE /* ChatApp.app */,
			);
			name = Products;
			sourceTree = "<group>";
		};
		04A011E52D10ACA900EC64BE /* ChatApp */ = {
			isa = PBXGroup;
			children = (
				522BF5FD2D49612C00C6F068 /* Model */,
				52FBD56F2D45A8F10013BD2A /* Services */,
				04A011FB2D11BA7500EC64BE /* Componentes */,
				04A011FA2D11BA5C00EC64BE /* App */,
				04A011F82D11BA4900EC64BE /* Utils */,
				04A011F62D10AE1700EC64BE /* Core */,
				04A011EA2D10ACAB00EC64BE /* Assets.xcassets */,
				04A011EC2D10ACAB00EC64BE /* Preview Content */,
			);
			path = ChatApp;
			sourceTree = "<group>";
		};
		04A011EC2D10ACAB00EC64BE /* Preview Content */ = {
			isa = PBXGroup;
			children = (
				04A011ED2D10ACAB00EC64BE /* Preview Assets.xcassets */,
			);
			path = "Preview Content";
			sourceTree = "<group>";
		};
		04A011F62D10AE1700EC64BE /* Core */ = {
			isa = PBXGroup;
			children = (
				52FBD57B2D45B78F0013BD2A /* Root */,
				52418C092D3FDF640018D46F /* Auth */,
				522E33F52D3982E4000F4903 /* SettingView */,
				522E33EC2D396B3A000F4903 /* ProfileView */,
				5267C5EC2D2AE47C00890A39 /* ChatView */,
				5267C5E32D2AC85C00890A39 /* NewMessageView */,
				04A012072D11C22A00EC64BE /* CallView */,
				04A012042D11C20600EC64BE /* CommunityView */,
				04A012012D11C1E900EC64BE /* UpdateView */,
				04A011FE2D11C09200EC64BE /* InboxView */,
			);
			path = Core;
			sourceTree = "<group>";
		};
		04A011F82D11BA4900EC64BE /* Utils */ = {
			isa = PBXGroup;
			children = (
				52FBD5682D45A6100013BD2A /* plist */,
				522E33E72D393AA2000F4903 /* Exteintions */,
			);
			path = Utils;
			sourceTree = "<group>";
		};
		04A011FA2D11BA5C00EC64BE /* App */ = {
			isa = PBXGroup;
			children = (
				04A011E62D10ACA900EC64BE /* ChatAppApp.swift */,
			);
			path = App;
			sourceTree = "<group>";
		};
		04A011FB2D11BA7500EC64BE /* Componentes */ = {
			isa = PBXGroup;
			children = (
				04A011FC2D11BA9600EC64BE /* MainTabbarView.swift */,
				04A0120A2D11C64400EC64BE /* ToolbarItemComponets.swift */,
				04A0120C2D11C70600EC64BE /* ButtonItemsTralling.swift */,
				04A0120E2D11CB1300EC64BE /* NavigationBarComponents.swift */,
				5267C5DF2D2AC43A00890A39 /* CirculeProfileImage.swift */,
				5267C5EA2D2AD04D00890A39 /* CircleImageForNewMessageView.swift */,
				52418C0D2D4000840018D46F /* AgreeButton.swift */,
				52418C0F2D4000DA0018D46F /* TitleWelcomeView.swift */,
				52418C142D4007FC0018D46F /* FloatingField.swift */,
				52418C1B2D4018AC0018D46F /* ButtonAuthModifires.swift */,
			);
			path = Componentes;
			sourceTree = "<group>";
		};
		04A011FE2D11C09200EC64BE /* InboxView */ = {
			isa = PBXGroup;
			children = (
				522BF5FA2D495D8C00C6F068 /* Views */,
			);
			path = InboxView;
			sourceTree = "<group>";
		};
		04A012012D11C1E900EC64BE /* UpdateView */ = {
			isa = PBXGroup;
			children = (
				522BF5F92D495D8400C6F068 /* Views */,
			);
			path = UpdateView;
			sourceTree = "<group>";
		};
		04A012042D11C20600EC64BE /* CommunityView */ = {
			isa = PBXGroup;
			children = (
				522BF5F82D495D7B00C6F068 /* Views */,
			);
			path = CommunityView;
			sourceTree = "<group>";
		};
		04A012072D11C22A00EC64BE /* CallView */ = {
			isa = PBXGroup;
			children = (
				522BF5F72D495D7300C6F068 /* Views */,
			);
			path = CallView;
			sourceTree = "<group>";
		};
		522BF5F32D495CE400C6F068 /* AuthViewModel */ = {
			isa = PBXGroup;
			children = (
				52418C112D4002D10018D46F /* LoginViewModel */,
				52418C182D4014B40018D46F /* RegisterViewModel */,
				52FBD57A2D45B2380013BD2A /* WelcomeViewModel */,
			);
			path = AuthViewModel;
			sourceTree = "<group>";
		};
		522BF5F42D495D2700C6F068 /* View */ = {
			isa = PBXGroup;
			children = (
				52FBD57D2D45B7A90013BD2A /* RootView.swift */,
			);
			path = View;
			sourceTree = "<group>";
		};
		522BF5F52D495D3700C6F068 /* View */ = {
			isa = PBXGroup;
			children = (
				522E33F62D3982F0000F4903 /* SettingView.swift */,
			);
			path = View;
			sourceTree = "<group>";
		};
		522BF5F62D495D4600C6F068 /* Views */ = {
			isa = PBXGroup;
			children = (
				5267C5E42D2AC87300890A39 /* NewMessageView.swift */,
			);
			path = Views;
			sourceTree = "<group>";
		};
		522BF5F72D495D7300C6F068 /* Views */ = {
			isa = PBXGroup;
			children = (
				04A012082D11C23600EC64BE /* CallView.swift */,
			);
			path = Views;
			sourceTree = "<group>";
		};
		522BF5F82D495D7B00C6F068 /* Views */ = {
			isa = PBXGroup;
			children = (
				04A012052D11C21700EC64BE /* CommunityView.swift */,
			);
			path = Views;
			sourceTree = "<group>";
		};
		522BF5F92D495D8400C6F068 /* Views */ = {
			isa = PBXGroup;
			children = (
				04A012022D11C1F700EC64BE /* UpdatesView.swift */,
			);
			path = Views;
			sourceTree = "<group>";
		};
		522BF5FA2D495D8C00C6F068 /* Views */ = {
			isa = PBXGroup;
			children = (
				04A011FF2D11C0AA00EC64BE /* InboxView.swift */,
			);
			path = Views;
			sourceTree = "<group>";
		};
		522BF5FD2D49612C00C6F068 /* Model */ = {
			isa = PBXGroup;
			children = (
				522BF5FB2D4960AA00C6F068 /* SettingOptionsModel.swift */,
				5267C5E12D2AC59400890A39 /* UserModel.swift */,
				522E33EA2D3943BE000F4903 /* MessageModel.swift */,
			);
			path = Model;
			sourceTree = "<group>";
		};
		522E33E72D393AA2000F4903 /* Exteintions */ = {
			isa = PBXGroup;
			children = (
				522E33E82D393ABC000F4903 /* FormatDate.swift */,
			);
			path = Exteintions;
			sourceTree = "<group>";
		};
		522E33EC2D396B3A000F4903 /* ProfileView */ = {
			isa = PBXGroup;
			children = (
				522E33EF2D396F5E000F4903 /* ProfileViewModel */,
				522E33F22D397CBA000F4903 /* Components */,
				522E33ED2D396B48000F4903 /* ProfileView.swift */,
			);
			path = ProfileView;
			sourceTree = "<group>";
		};
		522E33EF2D396F5E000F4903 /* ProfileViewModel */ = {
			isa = PBXGroup;
			children = (
				522E33F02D396F70000F4903 /* ProfileViewModel.swift */,
			);
			path = ProfileViewModel;
			sourceTree = "<group>";
		};
		522E33F22D397CBA000F4903 /* Components */ = {
			isa = PBXGroup;
			children = (
				522E33F32D397CD1000F4903 /* OptionDetailsComp.swift */,
			);
			path = Components;
			sourceTree = "<group>";
		};
		522E33F52D3982E4000F4903 /* SettingView */ = {
			isa = PBXGroup;
			children = (
				522BF5F52D495D3700C6F068 /* View */,
				52FBD5832D45BDC20013BD2A /* SettingViewModel */,
			);
			path = SettingView;
			sourceTree = "<group>";
		};
		52418C092D3FDF640018D46F /* Auth */ = {
			isa = PBXGroup;
			children = (
				522BF5F32D495CE400C6F068 /* AuthViewModel */,
				52418C0A2D3FDF6F0018D46F /* View */,
			);
			path = Auth;
			sourceTree = "<group>";
		};
		52418C0A2D3FDF6F0018D46F /* View */ = {
			isa = PBXGroup;
			children = (
				52418C0B2D3FDF7B0018D46F /* WelcomeView.swift */,
				04A011F42D10AE0A00EC64BE /* LoginView.swift */,
				52418C162D400E200018D46F /* RegisterView.swift */,
			);
			path = View;
			sourceTree = "<group>";
		};
		52418C112D4002D10018D46F /* LoginViewModel */ = {
			isa = PBXGroup;
			children = (
				52418C122D4002E00018D46F /* LoginViewModel.swift */,
			);
			path = LoginViewModel;
			sourceTree = "<group>";
		};
		52418C182D4014B40018D46F /* RegisterViewModel */ = {
			isa = PBXGroup;
			children = (
				52418C192D4014CB0018D46F /* RegisterViewModel.swift */,
			);
			path = RegisterViewModel;
			sourceTree = "<group>";
		};
		5267C5E32D2AC85C00890A39 /* NewMessageView */ = {
			isa = PBXGroup;
			children = (
				5267C5E72D2ACC9A00890A39 /* NewMessageViewModel */,
				522BF5F62D495D4600C6F068 /* Views */,
			);
			path = NewMessageView;
			sourceTree = "<group>";
		};
		5267C5E72D2ACC9A00890A39 /* NewMessageViewModel */ = {
			isa = PBXGroup;
			children = (
				5267C5E82D2ACCAC00890A39 /* NewMessageViewModel.swift */,
			);
			path = NewMessageViewModel;
			sourceTree = "<group>";
		};
		5267C5EC2D2AE47C00890A39 /* ChatView */ = {
			isa = PBXGroup;
			children = (
				5267C5EF2D2AE73000890A39 /* ChatViewModel */,
				5267C5F22D2BE26C00890A39 /* ComponentsChat */,
				5267C5ED2D2AE49200890A39 /* ChatView.swift */,
			);
			path = ChatView;
			sourceTree = "<group>";
		};
		5267C5EF2D2AE73000890A39 /* ChatViewModel */ = {
			isa = PBXGroup;
			children = (
				5267C5F02D2AE74200890A39 /* ChatViewModel.swift */,
			);
			path = ChatViewModel;
			sourceTree = "<group>";
		};
		5267C5F22D2BE26C00890A39 /* ComponentsChat */ = {
			isa = PBXGroup;
			children = (
				5267C5F32D2BE28400890A39 /* MessageSendStyle.swift */,
				5267C5F52D2BE3ED00890A39 /* ChatBubble.swift */,
			);
			path = ComponentsChat;
			sourceTree = "<group>";
		};
		52FBD5682D45A6100013BD2A /* plist */ = {
			isa = PBXGroup;
			children = (
				522BF5EF2D47A5BE00C6F068 /* GoogleService-Info.plist */,
			);
			path = plist;
			sourceTree = "<group>";
		};
		52FBD56F2D45A8F10013BD2A /* Services */ = {
			isa = PBXGroup;
			children = (
				52FBD5702D45A9070013BD2A /* AuthService.swift */,
				52FBD5812D45BAE80013BD2A /* UserServices.swift */,
				522BF5F12D47AD2100C6F068 /* ImageUploader.swift */,
			);
			path = Services;
			sourceTree = "<group>";
		};
		52FBD57A2D45B2380013BD2A /* WelcomeViewModel */ = {
			isa = PBXGroup;
			children = (
				52FBD5772D45B1F10013BD2A /* WelcomeViewModel.swift */,
			);
			path = WelcomeViewModel;
			sourceTree = "<group>";
		};
		52FBD57B2D45B78F0013BD2A /* Root */ = {
			isa = PBXGroup;
			children = (
				522BF5F42D495D2700C6F068 /* View */,
				52FBD57C2D45B7950013BD2A /* RootViewModel */,
			);
			path = Root;
			sourceTree = "<group>";
		};
		52FBD57C2D45B7950013BD2A /* RootViewModel */ = {
			isa = PBXGroup;
			children = (
				52FBD57F2D45B7BD0013BD2A /* RootViewModel.swift */,
			);
			path = RootViewModel;
			sourceTree = "<group>";
		};
		52FBD5832D45BDC20013BD2A /* SettingViewModel */ = {
			isa = PBXGroup;
			children = (
				52FBD5842D45BDD20013BD2A /* SettingViewModel.swift */,
			);
			path = SettingViewModel;
			sourceTree = "<group>";
		};
/* End PBXGroup section */

/* Begin PBXNativeTarget section */
		04A011E22D10ACA900EC64BE /* ChatApp */ = {
			isa = PBXNativeTarget;
			buildConfigurationList = 04A011F12D10ACAB00EC64BE /* Build configuration list for PBXNativeTarget "ChatApp" */;
			buildPhases = (
				04A011DF2D10ACA900EC64BE /* Sources */,
				04A011E02D10ACA900EC64BE /* Frameworks */,
				04A011E12D10ACA900EC64BE /* Resources */,
			);
			buildRules = (
			);
			dependencies = (
			);
			name = ChatApp;
			packageProductDependencies = (
				52FBD5602D45A6020013BD2A /* FirebaseAuth */,
				52FBD5622D45A6020013BD2A /* FirebaseFirestore */,
				52FBD5642D45A6020013BD2A /* FirebaseFirestoreSwift */,
				52FBD5662D45A6020013BD2A /* FirebaseStorage */,
				522BF5EB2D4783EE00C6F068 /* SDWebImageSwiftUI */,
			);
			productName = ChatApp;
			productReference = 04A011E32D10ACA900EC64BE /* ChatApp.app */;
			productType = "com.apple.product-type.application";
		};
/* End PBXNativeTarget section */

/* Begin PBXProject section */
		04A011DB2D10ACA900EC64BE /* Project object */ = {
			isa = PBXProject;
			attributes = {
				BuildIndependentTargetsInParallel = 1;
				LastSwiftUpdateCheck = 1420;
				LastUpgradeCheck = 1420;
				TargetAttributes = {
					04A011E22D10ACA900EC64BE = {
						CreatedOnToolsVersion = 14.2;
					};
				};
			};
			buildConfigurationList = 04A011DE2D10ACA900EC64BE /* Build configuration list for PBXProject "ChatApp" */;
			compatibilityVersion = "Xcode 14.0";
			developmentRegion = en;
			hasScannedForEncodings = 0;
			knownRegions = (
				en,
				Base,
			);
			mainGroup = 04A011DA2D10ACA900EC64BE;
			packageReferences = (
				52FBD55F2D45A6020013BD2A /* XCRemoteSwiftPackageReference "firebase-ios-sdk" */,
				522BF5EA2D4783EE00C6F068 /* XCRemoteSwiftPackageReference "SDWebImageSwiftUI" */,
			);
			productRefGroup = 04A011E42D10ACA900EC64BE /* Products */;
			projectDirPath = "";
			projectRoot = "";
			targets = (
				04A011E22D10ACA900EC64BE /* ChatApp */,
			);
		};
/* End PBXProject section */

/* Begin PBXResourcesBuildPhase section */
		04A011E12D10ACA900EC64BE /* Resources */ = {
			isa = PBXResourcesBuildPhase;
			buildActionMask = 2147483647;
			files = (
				04A011EE2D10ACAB00EC64BE /* Preview Assets.xcassets in Resources */,
				04A011EB2D10ACAB00EC64BE /* Assets.xcassets in Resources */,
				522BF5F02D47A5BF00C6F068 /* GoogleService-Info.plist in Resources */,
			);
			runOnlyForDeploymentPostprocessing = 0;
		};
/* End PBXResourcesBuildPhase section */

/* Begin PBXSourcesBuildPhase section */
		04A011DF2D10ACA900EC64BE /* Sources */ = {
			isa = PBXSourcesBuildPhase;
			buildActionMask = 2147483647;
			files = (
				04A011F52D10AE0A00EC64BE /* LoginView.swift in Sources */,
				52FBD57E2D45B7A90013BD2A /* RootView.swift in Sources */,
				52FBD5782D45B1F10013BD2A /* WelcomeViewModel.swift in Sources */,
				5267C5EB2D2AD04D00890A39 /* CircleImageForNewMessageView.swift in Sources */,
				52FBD5802D45B7BD0013BD2A /* RootViewModel.swift in Sources */,
				04A012002D11C0AA00EC64BE /* InboxView.swift in Sources */,
				04A012092D11C23600EC64BE /* CallView.swift in Sources */,
				52418C1A2D4014CB0018D46F /* RegisterViewModel.swift in Sources */,
				52418C0C2D3FDF7B0018D46F /* WelcomeView.swift in Sources */,
				5267C5EE2D2AE49200890A39 /* ChatView.swift in Sources */,
				04A0120F2D11CB1300EC64BE /* NavigationBarComponents.swift in Sources */,
				522E33F72D3982F0000F4903 /* SettingView.swift in Sources */,
				52418C132D4002E00018D46F /* LoginViewModel.swift in Sources */,
				52418C1C2D4018AC0018D46F /* ButtonAuthModifires.swift in Sources */,
				5267C5F12D2AE74200890A39 /* ChatViewModel.swift in Sources */,
				04A012062D11C21700EC64BE /* CommunityView.swift in Sources */,
				522E33F42D397CD1000F4903 /* OptionDetailsComp.swift in Sources */,
				52418C172D400E200018D46F /* RegisterView.swift in Sources */,
				52418C152D4007FC0018D46F /* FloatingField.swift in Sources */,
				52418C0E2D4000840018D46F /* AgreeButton.swift in Sources */,
				5267C5E92D2ACCAC00890A39 /* NewMessageViewModel.swift in Sources */,
				5267C5F62D2BE3ED00890A39 /* ChatBubble.swift in Sources */,
				522E33E92D393ABC000F4903 /* FormatDate.swift in Sources */,
				04A0120D2D11C70600EC64BE /* ButtonItemsTralling.swift in Sources */,
				5267C5E52D2AC87300890A39 /* NewMessageView.swift in Sources */,
				04A011FD2D11BA9600EC64BE /* MainTabbarView.swift in Sources */,
				04A011E72D10ACA900EC64BE /* ChatAppApp.swift in Sources */,
				522E33F12D396F70000F4903 /* ProfileViewModel.swift in Sources */,
				52418C102D4000DA0018D46F /* TitleWelcomeView.swift in Sources */,
				52FBD5712D45A9070013BD2A /* AuthService.swift in Sources */,
				522BF5F22D47AD2100C6F068 /* ImageUploader.swift in Sources */,
				04A012032D11C1F700EC64BE /* UpdatesView.swift in Sources */,
				522BF5FC2D4960AA00C6F068 /* SettingOptionsModel.swift in Sources */,
				522E33EB2D3943BE000F4903 /* MessageModel.swift in Sources */,
				04A0120B2D11C64400EC64BE /* ToolbarItemComponets.swift in Sources */,
				52FBD5822D45BAE80013BD2A /* UserServices.swift in Sources */,
				52FBD5852D45BDD20013BD2A /* SettingViewModel.swift in Sources */,
				5267C5E22D2AC59400890A39 /* UserModel.swift in Sources */,
				5267C5E02D2AC43A00890A39 /* CirculeProfileImage.swift in Sources */,
				522E33EE2D396B48000F4903 /* ProfileView.swift in Sources */,
				5267C5F42D2BE28400890A39 /* MessageSendStyle.swift in Sources */,
			);
			runOnlyForDeploymentPostprocessing = 0;
		};
/* End PBXSourcesBuildPhase section */

/* Begin XCBuildConfiguration section */
		04A011EF2D10ACAB00EC64BE /* Debug */ = {
			isa = XCBuildConfiguration;
			buildSettings = {
				ALWAYS_SEARCH_USER_PATHS = NO;
				CLANG_ANALYZER_NONNULL = YES;
				CLANG_ANALYZER_NUMBER_OBJECT_CONVERSION = YES_AGGRESSIVE;
				CLANG_CXX_LANGUAGE_STANDARD = "gnu++20";
				CLANG_ENABLE_MODULES = YES;
				CLANG_ENABLE_OBJC_ARC = YES;
				CLANG_ENABLE_OBJC_WEAK = YES;
				CLANG_WARN_BLOCK_CAPTURE_AUTORELEASING = YES;
				CLANG_WARN_BOOL_CONVERSION = YES;
				CLANG_WARN_COMMA = YES;
				CLANG_WARN_CONSTANT_CONVERSION = YES;
				CLANG_WARN_DEPRECATED_OBJC_IMPLEMENTATIONS = YES;
				CLANG_WARN_DIRECT_OBJC_ISA_USAGE = YES_ERROR;
				CLANG_WARN_DOCUMENTATION_COMMENTS = YES;
				CLANG_WARN_EMPTY_BODY = YES;
				CLANG_WARN_ENUM_CONVERSION = YES;
				CLANG_WARN_INFINITE_RECURSION = YES;
				CLANG_WARN_INT_CONVERSION = YES;
				CLANG_WARN_NON_LITERAL_NULL_CONVERSION = YES;
				CLANG_WARN_OBJC_IMPLICIT_RETAIN_SELF = YES;
				CLANG_WARN_OBJC_LITERAL_CONVERSION = YES;
				CLANG_WARN_OBJC_ROOT_CLASS = YES_ERROR;
				CLANG_WARN_QUOTED_INCLUDE_IN_FRAMEWORK_HEADER = YES;
				CLANG_WARN_RANGE_LOOP_ANALYSIS = YES;
				CLANG_WARN_STRICT_PROTOTYPES = YES;
				CLANG_WARN_SUSPICIOUS_MOVE = YES;
				CLANG_WARN_UNGUARDED_AVAILABILITY = YES_AGGRESSIVE;
				CLANG_WARN_UNREACHABLE_CODE = YES;
				CLANG_WARN__DUPLICATE_METHOD_MATCH = YES;
				COPY_PHASE_STRIP = NO;
				DEBUG_INFORMATION_FORMAT = dwarf;
				ENABLE_STRICT_OBJC_MSGSEND = YES;
				ENABLE_TESTABILITY = YES;
				GCC_C_LANGUAGE_STANDARD = gnu11;
				GCC_DYNAMIC_NO_PIC = NO;
				GCC_NO_COMMON_BLOCKS = YES;
				GCC_OPTIMIZATION_LEVEL = 0;
				GCC_PREPROCESSOR_DEFINITIONS = (
					"DEBUG=1",
					"$(inherited)",
				);
				GCC_WARN_64_TO_32_BIT_CONVERSION = YES;
				GCC_WARN_ABOUT_RETURN_TYPE = YES_ERROR;
				GCC_WARN_UNDECLARED_SELECTOR = YES;
				GCC_WARN_UNINITIALIZED_AUTOS = YES_AGGRESSIVE;
				GCC_WARN_UNUSED_FUNCTION = YES;
				GCC_WARN_UNUSED_VARIABLE = YES;
				IPHONEOS_DEPLOYMENT_TARGET = 16.2;
				MTL_ENABLE_DEBUG_INFO = INCLUDE_SOURCE;
				MTL_FAST_MATH = YES;
				ONLY_ACTIVE_ARCH = YES;
				SDKROOT = iphoneos;
				SWIFT_ACTIVE_COMPILATION_CONDITIONS = DEBUG;
				SWIFT_OPTIMIZATION_LEVEL = "-Onone";
			};
			name = Debug;
		};
		04A011F02D10ACAB00EC64BE /* Release */ = {
			isa = XCBuildConfiguration;
			buildSettings = {
				ALWAYS_SEARCH_USER_PATHS = NO;
				CLANG_ANALYZER_NONNULL = YES;
				CLANG_ANALYZER_NUMBER_OBJECT_CONVERSION = YES_AGGRESSIVE;
				CLANG_CXX_LANGUAGE_STANDARD = "gnu++20";
				CLANG_ENABLE_MODULES = YES;
				CLANG_ENABLE_OBJC_ARC = YES;
				CLANG_ENABLE_OBJC_WEAK = YES;
				CLANG_WARN_BLOCK_CAPTURE_AUTORELEASING = YES;
				CLANG_WARN_BOOL_CONVERSION = YES;
				CLANG_WARN_COMMA = YES;
				CLANG_WARN_CONSTANT_CONVERSION = YES;
				CLANG_WARN_DEPRECATED_OBJC_IMPLEMENTATIONS = YES;
				CLANG_WARN_DIRECT_OBJC_ISA_USAGE = YES_ERROR;
				CLANG_WARN_DOCUMENTATION_COMMENTS = YES;
				CLANG_WARN_EMPTY_BODY = YES;
				CLANG_WARN_ENUM_CONVERSION = YES;
				CLANG_WARN_INFINITE_RECURSION = YES;
				CLANG_WARN_INT_CONVERSION = YES;
				CLANG_WARN_NON_LITERAL_NULL_CONVERSION = YES;
				CLANG_WARN_OBJC_IMPLICIT_RETAIN_SELF = YES;
				CLANG_WARN_OBJC_LITERAL_CONVERSION = YES;
				CLANG_WARN_OBJC_ROOT_CLASS = YES_ERROR;
				CLANG_WARN_QUOTED_INCLUDE_IN_FRAMEWORK_HEADER = YES;
				CLANG_WARN_RANGE_LOOP_ANALYSIS = YES;
				CLANG_WARN_STRICT_PROTOTYPES = YES;
				CLANG_WARN_SUSPICIOUS_MOVE = YES;
				CLANG_WARN_UNGUARDED_AVAILABILITY = YES_AGGRESSIVE;
				CLANG_WARN_UNREACHABLE_CODE = YES;
				CLANG_WARN__DUPLICATE_METHOD_MATCH = YES;
				COPY_PHASE_STRIP = NO;
				DEBUG_INFORMATION_FORMAT = "dwarf-with-dsym";
				ENABLE_NS_ASSERTIONS = NO;
				ENABLE_STRICT_OBJC_MSGSEND = YES;
				GCC_C_LANGUAGE_STANDARD = gnu11;
				GCC_NO_COMMON_BLOCKS = YES;
				GCC_WARN_64_TO_32_BIT_CONVERSION = YES;
				GCC_WARN_ABOUT_RETURN_TYPE = YES_ERROR;
				GCC_WARN_UNDECLARED_SELECTOR = YES;
				GCC_WARN_UNINITIALIZED_AUTOS = YES_AGGRESSIVE;
				GCC_WARN_UNUSED_FUNCTION = YES;
				GCC_WARN_UNUSED_VARIABLE = YES;
				IPHONEOS_DEPLOYMENT_TARGET = 16.2;
				MTL_ENABLE_DEBUG_INFO = NO;
				MTL_FAST_MATH = YES;
				SDKROOT = iphoneos;
				SWIFT_COMPILATION_MODE = wholemodule;
				SWIFT_OPTIMIZATION_LEVEL = "-O";
				VALIDATE_PRODUCT = YES;
			};
			name = Release;
		};
		04A011F22D10ACAB00EC64BE /* Debug */ = {
			isa = XCBuildConfiguration;
			buildSettings = {
				ASSETCATALOG_COMPILER_APPICON_NAME = AppIcon;
				ASSETCATALOG_COMPILER_GLOBAL_ACCENT_COLOR_NAME = AccentColor;
				CODE_SIGN_STYLE = Automatic;
				CURRENT_PROJECT_VERSION = 1;
				DEVELOPMENT_ASSET_PATHS = "\"ChatApp/Preview Content\"";
				DEVELOPMENT_TEAM = 74933M5YKJ;
				ENABLE_PREVIEWS = YES;
				GENERATE_INFOPLIST_FILE = YES;
				INFOPLIST_KEY_UIApplicationSceneManifest_Generation = YES;
				INFOPLIST_KEY_UIApplicationSupportsIndirectInputEvents = YES;
				INFOPLIST_KEY_UILaunchScreen_Generation = YES;
				INFOPLIST_KEY_UISupportedInterfaceOrientations = UIInterfaceOrientationPortrait;
				IPHONEOS_DEPLOYMENT_TARGET = 16.2;
				LD_RUNPATH_SEARCH_PATHS = (
					"$(inherited)",
					"@executable_path/Frameworks",
				);
				MARKETING_VERSION = 1.0;
				PRODUCT_BUNDLE_IDENTIFIER = com.omar.ChatApp;
				PRODUCT_NAME = "$(TARGET_NAME)";
				SWIFT_EMIT_LOC_STRINGS = YES;
				SWIFT_VERSION = 5.0;
				TARGETED_DEVICE_FAMILY = "1,2";
			};
			name = Debug;
		};
		04A011F32D10ACAB00EC64BE /* Release */ = {
			isa = XCBuildConfiguration;
			buildSettings = {
				ASSETCATALOG_COMPILER_APPICON_NAME = AppIcon;
				ASSETCATALOG_COMPILER_GLOBAL_ACCENT_COLOR_NAME = AccentColor;
				CODE_SIGN_STYLE = Automatic;
				CURRENT_PROJECT_VERSION = 1;
				DEVELOPMENT_ASSET_PATHS = "\"ChatApp/Preview Content\"";
				DEVELOPMENT_TEAM = 74933M5YKJ;
				ENABLE_PREVIEWS = YES;
				GENERATE_INFOPLIST_FILE = YES;
				INFOPLIST_KEY_UIApplicationSceneManifest_Generation = YES;
				INFOPLIST_KEY_UIApplicationSupportsIndirectInputEvents = YES;
				INFOPLIST_KEY_UILaunchScreen_Generation = YES;
				INFOPLIST_KEY_UISupportedInterfaceOrientations = UIInterfaceOrientationPortrait;
				IPHONEOS_DEPLOYMENT_TARGET = 16.2;
				LD_RUNPATH_SEARCH_PATHS = (
					"$(inherited)",
					"@executable_path/Frameworks",
				);
				MARKETING_VERSION = 1.0;
				PRODUCT_BUNDLE_IDENTIFIER = com.omar.ChatApp;
				PRODUCT_NAME = "$(TARGET_NAME)";
				SWIFT_EMIT_LOC_STRINGS = YES;
				SWIFT_VERSION = 5.0;
				TARGETED_DEVICE_FAMILY = "1,2";
			};
			name = Release;
		};
/* End XCBuildConfiguration section */

/* Begin XCConfigurationList section */
		04A011DE2D10ACA900EC64BE /* Build configuration list for PBXProject "ChatApp" */ = {
			isa = XCConfigurationList;
			buildConfigurations = (
				04A011EF2D10ACAB00EC64BE /* Debug */,
				04A011F02D10ACAB00EC64BE /* Release */,
			);
			defaultConfigurationIsVisible = 0;
			defaultConfigurationName = Release;
		};
		04A011F12D10ACAB00EC64BE /* Build configuration list for PBXNativeTarget "ChatApp" */ = {
			isa = XCConfigurationList;
			buildConfigurations = (
				04A011F22D10ACAB00EC64BE /* Debug */,
				04A011F32D10ACAB00EC64BE /* Release */,
			);
			defaultConfigurationIsVisible = 0;
			defaultConfigurationName = Release;
		};
/* End XCConfigurationList section */

/* Begin XCRemoteSwiftPackageReference section */
		522BF5EA2D4783EE00C6F068 /* XCRemoteSwiftPackageReference "SDWebImageSwiftUI" */ = {
			isa = XCRemoteSwiftPackageReference;
			repositoryURL = "https://github.com/SDWebImage/SDWebImageSwiftUI.git";
			requirement = {
				branch = master;
				kind = branch;
			};
		};
		52FBD55F2D45A6020013BD2A /* XCRemoteSwiftPackageReference "firebase-ios-sdk" */ = {
			isa = XCRemoteSwiftPackageReference;
			repositoryURL = "https://github.com/firebase/firebase-ios-sdk";
			requirement = {
				kind = upToNextMajorVersion;
				minimumVersion = 9.0.0;
			};
		};
/* End XCRemoteSwiftPackageReference section */

/* Begin XCSwiftPackageProductDependency section */
		522BF5EB2D4783EE00C6F068 /* SDWebImageSwiftUI */ = {
			isa = XCSwiftPackageProductDependency;
			package = 522BF5EA2D4783EE00C6F068 /* XCRemoteSwiftPackageReference "SDWebImageSwiftUI" */;
			productName = SDWebImageSwiftUI;
		};
		52FBD5602D45A6020013BD2A /* FirebaseAuth */ = {
			isa = XCSwiftPackageProductDependency;
			package = 52FBD55F2D45A6020013BD2A /* XCRemoteSwiftPackageReference "firebase-ios-sdk" */;
			productName = FirebaseAuth;
		};
		52FBD5622D45A6020013BD2A /* FirebaseFirestore */ = {
			isa = XCSwiftPackageProductDependency;
			package = 52FBD55F2D45A6020013BD2A /* XCRemoteSwiftPackageReference "firebase-ios-sdk" */;
			productName = FirebaseFirestore;
		};
		52FBD5642D45A6020013BD2A /* FirebaseFirestoreSwift */ = {
			isa = XCSwiftPackageProductDependency;
			package = 52FBD55F2D45A6020013BD2A /* XCRemoteSwiftPackageReference "firebase-ios-sdk" */;
			productName = FirebaseFirestoreSwift;
		};
		52FBD5662D45A6020013BD2A /* FirebaseStorage */ = {
			isa = XCSwiftPackageProductDependency;
			package = 52FBD55F2D45A6020013BD2A /* XCRemoteSwiftPackageReference "firebase-ios-sdk" */;
			productName = FirebaseStorage;
		};
/* End XCSwiftPackageProductDependency section */
	};
	rootObject = 04A011DB2D10ACA900EC64BE /* Project object */;
}
